// !$*UTF8*$!
{
	archiveVersion = 1;
	classes = {
	};
	objectVersion = 51;
	objects = {

/* Begin PBXBuildFile section */
		5996A3FC255A3C4E00D0F157 /* Members.swift in Sources */ = {isa = PBXBuildFile; fileRef = 5996A3FB255A3C4E00D0F157 /* Members.swift */; };
		5996A404255A3F9C00D0F157 /* People.swift in Sources */ = {isa = PBXBuildFile; fileRef = 5996A403255A3F9C00D0F157 /* People.swift */; };
		B91742F5254AC433008A1715 /* RegMain.swift in Sources */ = {isa = PBXBuildFile; fileRef = B91742F4254AC433008A1715 /* RegMain.swift */; };
		B91742FA254AC466008A1715 /* RegSecond.swift in Sources */ = {isa = PBXBuildFile; fileRef = B91742F9254AC466008A1715 /* RegSecond.swift */; };
		B91742FF254AC6E2008A1715 /* RegThird.swift in Sources */ = {isa = PBXBuildFile; fileRef = B91742FE254AC6E2008A1715 /* RegThird.swift */; };
		B91776D625D3D67A00D9660C /* Events.storyboard in Resources */ = {isa = PBXBuildFile; fileRef = B91776D525D3D67A00D9660C /* Events.storyboard */; };
		B91776DB25D3D95E00D9660C /* EventsControl.swift in Sources */ = {isa = PBXBuildFile; fileRef = B91776DA25D3D95E00D9660C /* EventsControl.swift */; };
		B91BFF0525CC7538006AD68E /* FAQS.swift in Sources */ = {isa = PBXBuildFile; fileRef = B91BFF0425CC7538006AD68E /* FAQS.swift */; };
		B92B5E892572B26000DBAC5E /* RegPathPicker.swift in Sources */ = {isa = PBXBuildFile; fileRef = B92B5E882572B25F00DBAC5E /* RegPathPicker.swift */; };
		B930EB7825DEEBC4006CE935 /* ProfessorReview.swift in Sources */ = {isa = PBXBuildFile; fileRef = B930EB7725DEEBC4006CE935 /* ProfessorReview.swift */; };
		B93EEDC12563C053001FBC06 /* Directory.storyboard in Resources */ = {isa = PBXBuildFile; fileRef = B93EEDC02563C053001FBC06 /* Directory.storyboard */; };
		B93EEDC62563C070001FBC06 /* Directory.swift in Sources */ = {isa = PBXBuildFile; fileRef = B93EEDC52563C070001FBC06 /* Directory.swift */; };
		B93EEDCB2563C6BA001FBC06 /* FoodList.swift in Sources */ = {isa = PBXBuildFile; fileRef = B93EEDCA2563C6BA001FBC06 /* FoodList.swift */; };
		B93EEDE02563D1D6001FBC06 /* FoodCell.swift in Sources */ = {isa = PBXBuildFile; fileRef = B93EEDDF2563D1D6001FBC06 /* FoodCell.swift */; };
		B943D3CF2553C3A60054FE6D /* RegGuest.swift in Sources */ = {isa = PBXBuildFile; fileRef = B943D3CE2553C3A60054FE6D /* RegGuest.swift */; };
		B94921E925416DAD0085D1E9 /* AppDelegate.swift in Sources */ = {isa = PBXBuildFile; fileRef = B94921E825416DAD0085D1E9 /* AppDelegate.swift */; };
		B94921EB25416DAD0085D1E9 /* SceneDelegate.swift in Sources */ = {isa = PBXBuildFile; fileRef = B94921EA25416DAD0085D1E9 /* SceneDelegate.swift */; };
		B94921ED25416DAD0085D1E9 /* ViewController.swift in Sources */ = {isa = PBXBuildFile; fileRef = B94921EC25416DAD0085D1E9 /* ViewController.swift */; };
		B94921F025416DAD0085D1E9 /* Main.storyboard in Resources */ = {isa = PBXBuildFile; fileRef = B94921EE25416DAD0085D1E9 /* Main.storyboard */; };
		B94921F225416DB20085D1E9 /* Assets.xcassets in Resources */ = {isa = PBXBuildFile; fileRef = B94921F125416DB20085D1E9 /* Assets.xcassets */; };
		B94921F525416DB20085D1E9 /* LaunchScreen.storyboard in Resources */ = {isa = PBXBuildFile; fileRef = B94921F325416DB20085D1E9 /* LaunchScreen.storyboard */; };
		B949220025416DB20085D1E9 /* CampusKeyTests.swift in Sources */ = {isa = PBXBuildFile; fileRef = B94921FF25416DB20085D1E9 /* CampusKeyTests.swift */; };
		B949220B25416DB30085D1E9 /* CampusKeyUITests.swift in Sources */ = {isa = PBXBuildFile; fileRef = B949220A25416DB30085D1E9 /* CampusKeyUITests.swift */; };
		B949222125416EC30085D1E9 /* Locations.storyboard in Resources */ = {isa = PBXBuildFile; fileRef = B949221C25416EC20085D1E9 /* Locations.storyboard */; };
		B949222325416EC30085D1E9 /* Registration.storyboard in Resources */ = {isa = PBXBuildFile; fileRef = B949221E25416EC30085D1E9 /* Registration.storyboard */; };
		B949222425416EC30085D1E9 /* Home Screen.storyboard in Resources */ = {isa = PBXBuildFile; fileRef = B949221F25416EC30085D1E9 /* Home Screen.storyboard */; };
		B94D3A0E2551D7BE00BF84F8 /* Food.storyboard in Resources */ = {isa = PBXBuildFile; fileRef = B94D3A0D2551D7BE00BF84F8 /* Food.storyboard */; };
		B962C5862561F48F007445B4 /* Professor.storyboard in Resources */ = {isa = PBXBuildFile; fileRef = B962C5852561F48F007445B4 /* Professor.storyboard */; };
		B963B2DC25CB5B0500E04609 /* FoodDetail.swift in Sources */ = {isa = PBXBuildFile; fileRef = B93EEDD72563C6FB001FBC06 /* FoodDetail.swift */; };
		B9678A4D2574EEA000FB107C /* LocationsControl.swift in Sources */ = {isa = PBXBuildFile; fileRef = B9678A4C2574EEA000FB107C /* LocationsControl.swift */; };
		B96B5E6E25D4C1DF00B90E45 /* Pods_CampusKey.framework in Frameworks */ = {isa = PBXBuildFile; fileRef = B0224FEB094E2646A66AC625 /* Pods_CampusKey.framework */; };
		B97DBB162563F0860069E549 /* Profile.swift in Sources */ = {isa = PBXBuildFile; fileRef = B97DBB152563F0860069E549 /* Profile.swift */; };
		B9956F1F2557FBA600AE9562 /* ProfessorList.swift in Sources */ = {isa = PBXBuildFile; fileRef = B9956F1E2557FBA600AE9562 /* ProfessorList.swift */; };
		B9956F2625580A7A00AE9562 /* ProfessorDetail.swift in Sources */ = {isa = PBXBuildFile; fileRef = B9956F2525580A7A00AE9562 /* ProfessorDetail.swift */; };
		B9956F2B255812F700AE9562 /* ProfessorCell.swift in Sources */ = {isa = PBXBuildFile; fileRef = B9956F2A255812F700AE9562 /* ProfessorCell.swift */; };
		B9A5BAF925E739E800A632BE /* AddEvent.swift in Sources */ = {isa = PBXBuildFile; fileRef = B9A5BAF825E739E800A632BE /* AddEvent.swift */; };
		B9C1FD5425E21A2300B5F46A /* EventsCell.swift in Sources */ = {isa = PBXBuildFile; fileRef = B9C1FD5325E21A2300B5F46A /* EventsCell.swift */; };
		B9D31F0825E5A27A00866787 /* EventsDetail.swift in Sources */ = {isa = PBXBuildFile; fileRef = B9D31F0725E5A27A00866787 /* EventsDetail.swift */; };
		B9D973C35C60EB90AC27112F /* Pods_CampusKey_CampusKeyUITests.framework in Frameworks */ = {isa = PBXBuildFile; fileRef = 18BEEAADE45EE3782AB47A71 /* Pods_CampusKey_CampusKeyUITests.framework */; };
		B9EAC5FE2564B16A0033D71B /* FoodReview.swift in Sources */ = {isa = PBXBuildFile; fileRef = B9EAC5FD2564B16A0033D71B /* FoodReview.swift */; };
		B9EAC606256527B70033D71B /* Home.swift in Sources */ = {isa = PBXBuildFile; fileRef = B9EAC605256527B70033D71B /* Home.swift */; };
		CAE88A9B25E5837700981A91 /* GoogleService-Info.plist in Resources */ = {isa = PBXBuildFile; fileRef = CAE88A9A25E5837700981A91 /* GoogleService-Info.plist */; };
		F500F6414464D524DF77E5F3 /* Pods_CampusKeyTests.framework in Frameworks */ = {isa = PBXBuildFile; fileRef = 69E2274AFEB9B4AFBF577953 /* Pods_CampusKeyTests.framework */; };
/* End PBXBuildFile section */

/* Begin PBXContainerItemProxy section */
		B94921FC25416DB20085D1E9 /* PBXContainerItemProxy */ = {
			isa = PBXContainerItemProxy;
			containerPortal = B94921DD25416DAD0085D1E9 /* Project object */;
			proxyType = 1;
			remoteGlobalIDString = B94921E425416DAD0085D1E9;
			remoteInfo = CampusKey;
		};
		B949220725416DB20085D1E9 /* PBXContainerItemProxy */ = {
			isa = PBXContainerItemProxy;
			containerPortal = B94921DD25416DAD0085D1E9 /* Project object */;
			proxyType = 1;
			remoteGlobalIDString = B94921E425416DAD0085D1E9;
			remoteInfo = CampusKey;
		};
/* End PBXContainerItemProxy section */

/* Begin PBXFileReference section */
		18BEEAADE45EE3782AB47A71 /* Pods_CampusKey_CampusKeyUITests.framework */ = {isa = PBXFileReference; explicitFileType = wrapper.framework; includeInIndex = 0; path = Pods_CampusKey_CampusKeyUITests.framework; sourceTree = BUILT_PRODUCTS_DIR; };
		369A5F2123A294E6CCFB0796 /* Pods-CampusKeyTests.release.xcconfig */ = {isa = PBXFileReference; includeInIndex = 1; lastKnownFileType = text.xcconfig; name = "Pods-CampusKeyTests.release.xcconfig"; path = "Target Support Files/Pods-CampusKeyTests/Pods-CampusKeyTests.release.xcconfig"; sourceTree = "<group>"; };
		58224CB1702BA8663C54FF62 /* Pods-CampusKey.release.xcconfig */ = {isa = PBXFileReference; includeInIndex = 1; lastKnownFileType = text.xcconfig; name = "Pods-CampusKey.release.xcconfig"; path = "Target Support Files/Pods-CampusKey/Pods-CampusKey.release.xcconfig"; sourceTree = "<group>"; };
		5996A3FB255A3C4E00D0F157 /* Members.swift */ = {isa = PBXFileReference; lastKnownFileType = sourcecode.swift; path = Members.swift; sourceTree = "<group>"; };
		5996A403255A3F9C00D0F157 /* People.swift */ = {isa = PBXFileReference; lastKnownFileType = sourcecode.swift; path = People.swift; sourceTree = "<group>"; };
		69E2274AFEB9B4AFBF577953 /* Pods_CampusKeyTests.framework */ = {isa = PBXFileReference; explicitFileType = wrapper.framework; includeInIndex = 0; path = Pods_CampusKeyTests.framework; sourceTree = BUILT_PRODUCTS_DIR; };
		7492E652F3D8293C996793A1 /* Pods-CampusKey-CampusKeyUITests.release.xcconfig */ = {isa = PBXFileReference; includeInIndex = 1; lastKnownFileType = text.xcconfig; name = "Pods-CampusKey-CampusKeyUITests.release.xcconfig"; path = "Target Support Files/Pods-CampusKey-CampusKeyUITests/Pods-CampusKey-CampusKeyUITests.release.xcconfig"; sourceTree = "<group>"; };
		791C11E665C5A33DC5359D55 /* Pods-CampusKey.debug.xcconfig */ = {isa = PBXFileReference; includeInIndex = 1; lastKnownFileType = text.xcconfig; name = "Pods-CampusKey.debug.xcconfig"; path = "Target Support Files/Pods-CampusKey/Pods-CampusKey.debug.xcconfig"; sourceTree = "<group>"; };
		86588D540AFCF0D0DE601AFC /* Pods-CampusKey-CampusKeyUITests.debug.xcconfig */ = {isa = PBXFileReference; includeInIndex = 1; lastKnownFileType = text.xcconfig; name = "Pods-CampusKey-CampusKeyUITests.debug.xcconfig"; path = "Target Support Files/Pods-CampusKey-CampusKeyUITests/Pods-CampusKey-CampusKeyUITests.debug.xcconfig"; sourceTree = "<group>"; };
		B0224FEB094E2646A66AC625 /* Pods_CampusKey.framework */ = {isa = PBXFileReference; explicitFileType = wrapper.framework; includeInIndex = 0; path = Pods_CampusKey.framework; sourceTree = BUILT_PRODUCTS_DIR; };
		B91742F4254AC433008A1715 /* RegMain.swift */ = {isa = PBXFileReference; lastKnownFileType = sourcecode.swift; path = RegMain.swift; sourceTree = "<group>"; };
		B91742F9254AC466008A1715 /* RegSecond.swift */ = {isa = PBXFileReference; lastKnownFileType = sourcecode.swift; path = RegSecond.swift; sourceTree = "<group>"; };
		B91742FE254AC6E2008A1715 /* RegThird.swift */ = {isa = PBXFileReference; lastKnownFileType = sourcecode.swift; path = RegThird.swift; sourceTree = "<group>"; };
		B91776D525D3D67A00D9660C /* Events.storyboard */ = {isa = PBXFileReference; lastKnownFileType = file.storyboard; path = Events.storyboard; sourceTree = "<group>"; };
		B91776DA25D3D95E00D9660C /* EventsControl.swift */ = {isa = PBXFileReference; lastKnownFileType = sourcecode.swift; path = EventsControl.swift; sourceTree = "<group>"; };
		B91BFF0425CC7538006AD68E /* FAQS.swift */ = {isa = PBXFileReference; lastKnownFileType = sourcecode.swift; path = FAQS.swift; sourceTree = "<group>"; };
		B92B5E882572B25F00DBAC5E /* RegPathPicker.swift */ = {isa = PBXFileReference; lastKnownFileType = sourcecode.swift; path = RegPathPicker.swift; sourceTree = "<group>"; };
		B930EB7725DEEBC4006CE935 /* ProfessorReview.swift */ = {isa = PBXFileReference; lastKnownFileType = sourcecode.swift; path = ProfessorReview.swift; sourceTree = "<group>"; };
		B93EEDC02563C053001FBC06 /* Directory.storyboard */ = {isa = PBXFileReference; lastKnownFileType = file.storyboard; path = Directory.storyboard; sourceTree = "<group>"; };
		B93EEDC52563C070001FBC06 /* Directory.swift */ = {isa = PBXFileReference; lastKnownFileType = sourcecode.swift; path = Directory.swift; sourceTree = "<group>"; };
		B93EEDCA2563C6BA001FBC06 /* FoodList.swift */ = {isa = PBXFileReference; lastKnownFileType = sourcecode.swift; path = FoodList.swift; sourceTree = "<group>"; };
		B93EEDD72563C6FB001FBC06 /* FoodDetail.swift */ = {isa = PBXFileReference; lastKnownFileType = sourcecode.swift; path = FoodDetail.swift; sourceTree = "<group>"; };
		B93EEDDF2563D1D6001FBC06 /* FoodCell.swift */ = {isa = PBXFileReference; lastKnownFileType = sourcecode.swift; path = FoodCell.swift; sourceTree = "<group>"; };
		B943D3CE2553C3A60054FE6D /* RegGuest.swift */ = {isa = PBXFileReference; lastKnownFileType = sourcecode.swift; path = RegGuest.swift; sourceTree = "<group>"; };
		B94921E525416DAD0085D1E9 /* CampusKey.app */ = {isa = PBXFileReference; explicitFileType = wrapper.application; includeInIndex = 0; path = CampusKey.app; sourceTree = BUILT_PRODUCTS_DIR; };
		B94921E825416DAD0085D1E9 /* AppDelegate.swift */ = {isa = PBXFileReference; lastKnownFileType = sourcecode.swift; path = AppDelegate.swift; sourceTree = "<group>"; };
		B94921EA25416DAD0085D1E9 /* SceneDelegate.swift */ = {isa = PBXFileReference; lastKnownFileType = sourcecode.swift; path = SceneDelegate.swift; sourceTree = "<group>"; };
		B94921EC25416DAD0085D1E9 /* ViewController.swift */ = {isa = PBXFileReference; lastKnownFileType = sourcecode.swift; path = ViewController.swift; sourceTree = "<group>"; };
		B94921EF25416DAD0085D1E9 /* Base */ = {isa = PBXFileReference; lastKnownFileType = file.storyboard; name = Base; path = Base.lproj/Main.storyboard; sourceTree = "<group>"; };
		B94921F125416DB20085D1E9 /* Assets.xcassets */ = {isa = PBXFileReference; lastKnownFileType = folder.assetcatalog; path = Assets.xcassets; sourceTree = "<group>"; };
		B94921F425416DB20085D1E9 /* Base */ = {isa = PBXFileReference; lastKnownFileType = file.storyboard; name = Base; path = Base.lproj/LaunchScreen.storyboard; sourceTree = "<group>"; };
		B94921F625416DB20085D1E9 /* Info.plist */ = {isa = PBXFileReference; lastKnownFileType = text.plist.xml; path = Info.plist; sourceTree = "<group>"; };
		B94921FB25416DB20085D1E9 /* CampusKeyTests.xctest */ = {isa = PBXFileReference; explicitFileType = wrapper.cfbundle; includeInIndex = 0; path = CampusKeyTests.xctest; sourceTree = BUILT_PRODUCTS_DIR; };
		B94921FF25416DB20085D1E9 /* CampusKeyTests.swift */ = {isa = PBXFileReference; lastKnownFileType = sourcecode.swift; path = CampusKeyTests.swift; sourceTree = "<group>"; };
		B949220125416DB20085D1E9 /* Info.plist */ = {isa = PBXFileReference; lastKnownFileType = text.plist.xml; path = Info.plist; sourceTree = "<group>"; };
		B949220625416DB20085D1E9 /* CampusKeyUITests.xctest */ = {isa = PBXFileReference; explicitFileType = wrapper.cfbundle; includeInIndex = 0; path = CampusKeyUITests.xctest; sourceTree = BUILT_PRODUCTS_DIR; };
		B949220A25416DB30085D1E9 /* CampusKeyUITests.swift */ = {isa = PBXFileReference; lastKnownFileType = sourcecode.swift; path = CampusKeyUITests.swift; sourceTree = "<group>"; };
		B949220C25416DB30085D1E9 /* Info.plist */ = {isa = PBXFileReference; lastKnownFileType = text.plist.xml; path = Info.plist; sourceTree = "<group>"; };
		B949221C25416EC20085D1E9 /* Locations.storyboard */ = {isa = PBXFileReference; fileEncoding = 4; lastKnownFileType = file.storyboard; path = Locations.storyboard; sourceTree = "<group>"; };
		B949221E25416EC30085D1E9 /* Registration.storyboard */ = {isa = PBXFileReference; fileEncoding = 4; lastKnownFileType = file.storyboard; path = Registration.storyboard; sourceTree = "<group>"; };
		B949221F25416EC30085D1E9 /* Home Screen.storyboard */ = {isa = PBXFileReference; fileEncoding = 4; lastKnownFileType = file.storyboard; path = "Home Screen.storyboard"; sourceTree = "<group>"; };
		B94D3A0D2551D7BE00BF84F8 /* Food.storyboard */ = {isa = PBXFileReference; lastKnownFileType = file.storyboard; path = Food.storyboard; sourceTree = "<group>"; };
		B962C5852561F48F007445B4 /* Professor.storyboard */ = {isa = PBXFileReference; lastKnownFileType = file.storyboard; path = Professor.storyboard; sourceTree = "<group>"; };
		B9678A4C2574EEA000FB107C /* LocationsControl.swift */ = {isa = PBXFileReference; lastKnownFileType = sourcecode.swift; path = LocationsControl.swift; sourceTree = "<group>"; };
		B97DBB152563F0860069E549 /* Profile.swift */ = {isa = PBXFileReference; lastKnownFileType = sourcecode.swift; path = Profile.swift; sourceTree = "<group>"; };
		B9956F1E2557FBA600AE9562 /* ProfessorList.swift */ = {isa = PBXFileReference; lastKnownFileType = sourcecode.swift; path = ProfessorList.swift; sourceTree = "<group>"; };
		B9956F2525580A7A00AE9562 /* ProfessorDetail.swift */ = {isa = PBXFileReference; lastKnownFileType = sourcecode.swift; path = ProfessorDetail.swift; sourceTree = "<group>"; };
		B9956F2A255812F700AE9562 /* ProfessorCell.swift */ = {isa = PBXFileReference; lastKnownFileType = sourcecode.swift; path = ProfessorCell.swift; sourceTree = "<group>"; };
		B9A5BAF825E739E800A632BE /* AddEvent.swift */ = {isa = PBXFileReference; lastKnownFileType = sourcecode.swift; path = AddEvent.swift; sourceTree = "<group>"; };
		B9C1FD5325E21A2300B5F46A /* EventsCell.swift */ = {isa = PBXFileReference; lastKnownFileType = sourcecode.swift; path = EventsCell.swift; sourceTree = "<group>"; };
		B9D31F0725E5A27A00866787 /* EventsDetail.swift */ = {isa = PBXFileReference; lastKnownFileType = sourcecode.swift; path = EventsDetail.swift; sourceTree = "<group>"; };
		B9EAC5FD2564B16A0033D71B /* FoodReview.swift */ = {isa = PBXFileReference; lastKnownFileType = sourcecode.swift; path = FoodReview.swift; sourceTree = "<group>"; };
		B9EAC605256527B70033D71B /* Home.swift */ = {isa = PBXFileReference; lastKnownFileType = sourcecode.swift; path = Home.swift; sourceTree = "<group>"; };
		CAE88A9A25E5837700981A91 /* GoogleService-Info.plist */ = {isa = PBXFileReference; fileEncoding = 4; lastKnownFileType = text.plist.xml; path = "GoogleService-Info.plist"; sourceTree = "<group>"; };
		FC6A6451C833BBF2679ADE43 /* Pods-CampusKeyTests.debug.xcconfig */ = {isa = PBXFileReference; includeInIndex = 1; lastKnownFileType = text.xcconfig; name = "Pods-CampusKeyTests.debug.xcconfig"; path = "Target Support Files/Pods-CampusKeyTests/Pods-CampusKeyTests.debug.xcconfig"; sourceTree = "<group>"; };
/* End PBXFileReference section */

/* Begin PBXFrameworksBuildPhase section */
		B94921E225416DAD0085D1E9 /* Frameworks */ = {
			isa = PBXFrameworksBuildPhase;
			buildActionMask = 2147483647;
			files = (
				B96B5E6E25D4C1DF00B90E45 /* Pods_CampusKey.framework in Frameworks */,
			);
			runOnlyForDeploymentPostprocessing = 0;
		};
		B94921F825416DB20085D1E9 /* Frameworks */ = {
			isa = PBXFrameworksBuildPhase;
			buildActionMask = 2147483647;
			files = (
				F500F6414464D524DF77E5F3 /* Pods_CampusKeyTests.framework in Frameworks */,
			);
			runOnlyForDeploymentPostprocessing = 0;
		};
		B949220325416DB20085D1E9 /* Frameworks */ = {
			isa = PBXFrameworksBuildPhase;
			buildActionMask = 2147483647;
			files = (
				B9D973C35C60EB90AC27112F /* Pods_CampusKey_CampusKeyUITests.framework in Frameworks */,
			);
			runOnlyForDeploymentPostprocessing = 0;
		};
/* End PBXFrameworksBuildPhase section */

/* Begin PBXGroup section */
		2AD9C7DF4E9FF83E0A17D232 /* Pods */ = {
			isa = PBXGroup;
			children = (
				791C11E665C5A33DC5359D55 /* Pods-CampusKey.debug.xcconfig */,
				58224CB1702BA8663C54FF62 /* Pods-CampusKey.release.xcconfig */,
				86588D540AFCF0D0DE601AFC /* Pods-CampusKey-CampusKeyUITests.debug.xcconfig */,
				7492E652F3D8293C996793A1 /* Pods-CampusKey-CampusKeyUITests.release.xcconfig */,
				FC6A6451C833BBF2679ADE43 /* Pods-CampusKeyTests.debug.xcconfig */,
				369A5F2123A294E6CCFB0796 /* Pods-CampusKeyTests.release.xcconfig */,
			);
			path = Pods;
			sourceTree = "<group>";
		};
		7DEBA1CD6B69DAE01860538D /* Frameworks */ = {
			isa = PBXGroup;
			children = (
				B0224FEB094E2646A66AC625 /* Pods_CampusKey.framework */,
				18BEEAADE45EE3782AB47A71 /* Pods_CampusKey_CampusKeyUITests.framework */,
				69E2274AFEB9B4AFBF577953 /* Pods_CampusKeyTests.framework */,
			);
			name = Frameworks;
			sourceTree = "<group>";
		};
		B94921DC25416DAD0085D1E9 = {
			isa = PBXGroup;
			children = (
				B94921E725416DAD0085D1E9 /* CampusKey */,
				B94921FE25416DB20085D1E9 /* CampusKeyTests */,
				B949220925416DB20085D1E9 /* CampusKeyUITests */,
				B94921E625416DAD0085D1E9 /* Products */,
				2AD9C7DF4E9FF83E0A17D232 /* Pods */,
				7DEBA1CD6B69DAE01860538D /* Frameworks */,
			);
			sourceTree = "<group>";
		};
		B94921E625416DAD0085D1E9 /* Products */ = {
			isa = PBXGroup;
			children = (
				B94921E525416DAD0085D1E9 /* CampusKey.app */,
				B94921FB25416DB20085D1E9 /* CampusKeyTests.xctest */,
				B949220625416DB20085D1E9 /* CampusKeyUITests.xctest */,
			);
			name = Products;
			sourceTree = "<group>";
		};
		B94921E725416DAD0085D1E9 /* CampusKey */ = {
			isa = PBXGroup;
			children = (
				B94921E825416DAD0085D1E9 /* AppDelegate.swift */,
				B94921EA25416DAD0085D1E9 /* SceneDelegate.swift */,
				B94921EC25416DAD0085D1E9 /* ViewController.swift */,
				B94921EE25416DAD0085D1E9 /* Main.storyboard */,
				5996A3FB255A3C4E00D0F157 /* Members.swift */,
				5996A403255A3F9C00D0F157 /* People.swift */,
				B949221E25416EC30085D1E9 /* Registration.storyboard */,
				B92B5E882572B25F00DBAC5E /* RegPathPicker.swift */,
				B91742F4254AC433008A1715 /* RegMain.swift */,
				B91742F9254AC466008A1715 /* RegSecond.swift */,
				B91742FE254AC6E2008A1715 /* RegThird.swift */,
				B943D3CE2553C3A60054FE6D /* RegGuest.swift */,
				B949221F25416EC30085D1E9 /* Home Screen.storyboard */,
				B9EAC605256527B70033D71B /* Home.swift */,
				B97DBB152563F0860069E549 /* Profile.swift */,
				B91BFF0425CC7538006AD68E /* FAQS.swift */,
				B91776D525D3D67A00D9660C /* Events.storyboard */,
				B91776DA25D3D95E00D9660C /* EventsControl.swift */,
				B9C1FD5325E21A2300B5F46A /* EventsCell.swift */,
				B9D31F0725E5A27A00866787 /* EventsDetail.swift */,
				B9A5BAF825E739E800A632BE /* AddEvent.swift */,
				B962C5852561F48F007445B4 /* Professor.storyboard */,
				B9956F1E2557FBA600AE9562 /* ProfessorList.swift */,
				B9956F2A255812F700AE9562 /* ProfessorCell.swift */,
				B9956F2525580A7A00AE9562 /* ProfessorDetail.swift */,
				B930EB7725DEEBC4006CE935 /* ProfessorReview.swift */,
				B949221C25416EC20085D1E9 /* Locations.storyboard */,
				B9678A4C2574EEA000FB107C /* LocationsControl.swift */,
				B93EEDC02563C053001FBC06 /* Directory.storyboard */,
				B93EEDC52563C070001FBC06 /* Directory.swift */,
				B94D3A0D2551D7BE00BF84F8 /* Food.storyboard */,
				B93EEDCA2563C6BA001FBC06 /* FoodList.swift */,
				B93EEDDF2563D1D6001FBC06 /* FoodCell.swift */,
				B93EEDD72563C6FB001FBC06 /* FoodDetail.swift */,
				B9EAC5FD2564B16A0033D71B /* FoodReview.swift */,
				B94921F125416DB20085D1E9 /* Assets.xcassets */,
				B94921F325416DB20085D1E9 /* LaunchScreen.storyboard */,
				CAE88A9A25E5837700981A91 /* GoogleService-Info.plist */,
				B94921F625416DB20085D1E9 /* Info.plist */,
			);
			path = CampusKey;
			sourceTree = "<group>";
		};
		B94921FE25416DB20085D1E9 /* CampusKeyTests */ = {
			isa = PBXGroup;
			children = (
				B94921FF25416DB20085D1E9 /* CampusKeyTests.swift */,
				B949220125416DB20085D1E9 /* Info.plist */,
			);
			path = CampusKeyTests;
			sourceTree = "<group>";
		};
		B949220925416DB20085D1E9 /* CampusKeyUITests */ = {
			isa = PBXGroup;
			children = (
				B949220A25416DB30085D1E9 /* CampusKeyUITests.swift */,
				B949220C25416DB30085D1E9 /* Info.plist */,
			);
			path = CampusKeyUITests;
			sourceTree = "<group>";
		};
/* End PBXGroup section */

/* Begin PBXNativeTarget section */
		B94921E425416DAD0085D1E9 /* CampusKey */ = {
			isa = PBXNativeTarget;
			buildConfigurationList = B949220F25416DB30085D1E9 /* Build configuration list for PBXNativeTarget "CampusKey" */;
			buildPhases = (
				CE958A2ECCB8959CFAA2D274 /* [CP] Check Pods Manifest.lock */,
				B94921E125416DAD0085D1E9 /* Sources */,
				B94921E225416DAD0085D1E9 /* Frameworks */,
				B94921E325416DAD0085D1E9 /* Resources */,
				A326370730E26774CF696987 /* [CP] Embed Pods Frameworks */,
			);
			buildRules = (
			);
			dependencies = (
			);
			name = CampusKey;
			productName = CampusKey;
			productReference = B94921E525416DAD0085D1E9 /* CampusKey.app */;
			productType = "com.apple.product-type.application";
		};
		B94921FA25416DB20085D1E9 /* CampusKeyTests */ = {
			isa = PBXNativeTarget;
			buildConfigurationList = B949221225416DB30085D1E9 /* Build configuration list for PBXNativeTarget "CampusKeyTests" */;
			buildPhases = (
				7B3EDC1BD107B0F06BD6405E /* [CP] Check Pods Manifest.lock */,
				B94921F725416DB20085D1E9 /* Sources */,
				B94921F825416DB20085D1E9 /* Frameworks */,
				B94921F925416DB20085D1E9 /* Resources */,
			);
			buildRules = (
			);
			dependencies = (
				B94921FD25416DB20085D1E9 /* PBXTargetDependency */,
			);
			name = CampusKeyTests;
			productName = CampusKeyTests;
			productReference = B94921FB25416DB20085D1E9 /* CampusKeyTests.xctest */;
			productType = "com.apple.product-type.bundle.unit-test";
		};
		B949220525416DB20085D1E9 /* CampusKeyUITests */ = {
			isa = PBXNativeTarget;
			buildConfigurationList = B949221525416DB30085D1E9 /* Build configuration list for PBXNativeTarget "CampusKeyUITests" */;
			buildPhases = (
				3CC839F8CB3C99DC8C33FCE8 /* [CP] Check Pods Manifest.lock */,
				B949220225416DB20085D1E9 /* Sources */,
				B949220325416DB20085D1E9 /* Frameworks */,
				B949220425416DB20085D1E9 /* Resources */,
				44F1E44A778477D6FD8B65A7 /* [CP] Embed Pods Frameworks */,
			);
			buildRules = (
			);
			dependencies = (
				B949220825416DB20085D1E9 /* PBXTargetDependency */,
			);
			name = CampusKeyUITests;
			productName = CampusKeyUITests;
			productReference = B949220625416DB20085D1E9 /* CampusKeyUITests.xctest */;
			productType = "com.apple.product-type.bundle.ui-testing";
		};
/* End PBXNativeTarget section */

/* Begin PBXProject section */
		B94921DD25416DAD0085D1E9 /* Project object */ = {
			isa = PBXProject;
			attributes = {
				LastSwiftUpdateCheck = 1200;
				LastUpgradeCheck = 1200;
				TargetAttributes = {
					B94921E425416DAD0085D1E9 = {
						CreatedOnToolsVersion = 12.0.1;
					};
					B94921FA25416DB20085D1E9 = {
						CreatedOnToolsVersion = 12.0.1;
						TestTargetID = B94921E425416DAD0085D1E9;
					};
					B949220525416DB20085D1E9 = {
						CreatedOnToolsVersion = 12.0.1;
						TestTargetID = B94921E425416DAD0085D1E9;
					};
				};
			};
			buildConfigurationList = B94921E025416DAD0085D1E9 /* Build configuration list for PBXProject "CampusKey" */;
			compatibilityVersion = "Xcode 9.3";
			developmentRegion = en;
			hasScannedForEncodings = 0;
			knownRegions = (
				en,
				Base,
			);
			mainGroup = B94921DC25416DAD0085D1E9;
			productRefGroup = B94921E625416DAD0085D1E9 /* Products */;
			projectDirPath = "";
			projectRoot = "";
			targets = (
				B94921E425416DAD0085D1E9 /* CampusKey */,
				B94921FA25416DB20085D1E9 /* CampusKeyTests */,
				B949220525416DB20085D1E9 /* CampusKeyUITests */,
			);
		};
/* End PBXProject section */

/* Begin PBXResourcesBuildPhase section */
		B94921E325416DAD0085D1E9 /* Resources */ = {
			isa = PBXResourcesBuildPhase;
			buildActionMask = 2147483647;
			files = (
				B94D3A0E2551D7BE00BF84F8 /* Food.storyboard in Resources */,
				B94921F525416DB20085D1E9 /* LaunchScreen.storyboard in Resources */,
				B949222125416EC30085D1E9 /* Locations.storyboard in Resources */,
				B949222325416EC30085D1E9 /* Registration.storyboard in Resources */,
				B94921F225416DB20085D1E9 /* Assets.xcassets in Resources */,
				B93EEDC12563C053001FBC06 /* Directory.storyboard in Resources */,
				B94921F025416DAD0085D1E9 /* Main.storyboard in Resources */,
				B962C5862561F48F007445B4 /* Professor.storyboard in Resources */,
				CAE88A9B25E5837700981A91 /* GoogleService-Info.plist in Resources */,
				B949222425416EC30085D1E9 /* Home Screen.storyboard in Resources */,
				B91776D625D3D67A00D9660C /* Events.storyboard in Resources */,
			);
			runOnlyForDeploymentPostprocessing = 0;
		};
		B94921F925416DB20085D1E9 /* Resources */ = {
			isa = PBXResourcesBuildPhase;
			buildActionMask = 2147483647;
			files = (
			);
			runOnlyForDeploymentPostprocessing = 0;
		};
		B949220425416DB20085D1E9 /* Resources */ = {
			isa = PBXResourcesBuildPhase;
			buildActionMask = 2147483647;
			files = (
			);
			runOnlyForDeploymentPostprocessing = 0;
		};
/* End PBXResourcesBuildPhase section */

/* Begin PBXShellScriptBuildPhase section */
		3CC839F8CB3C99DC8C33FCE8 /* [CP] Check Pods Manifest.lock */ = {
			isa = PBXShellScriptBuildPhase;
			buildActionMask = 2147483647;
			files = (
			);
			inputFileListPaths = (
			);
			inputPaths = (
				"${PODS_PODFILE_DIR_PATH}/Podfile.lock",
				"${PODS_ROOT}/Manifest.lock",
			);
			name = "[CP] Check Pods Manifest.lock";
			outputFileListPaths = (
			);
			outputPaths = (
				"$(DERIVED_FILE_DIR)/Pods-CampusKey-CampusKeyUITests-checkManifestLockResult.txt",
			);
			runOnlyForDeploymentPostprocessing = 0;
			shellPath = /bin/sh;
			shellScript = "diff \"${PODS_PODFILE_DIR_PATH}/Podfile.lock\" \"${PODS_ROOT}/Manifest.lock\" > /dev/null\nif [ $? != 0 ] ; then\n    # print error to STDERR\n    echo \"error: The sandbox is not in sync with the Podfile.lock. Run 'pod install' or update your CocoaPods installation.\" >&2\n    exit 1\nfi\n# This output is used by Xcode 'outputs' to avoid re-running this script phase.\necho \"SUCCESS\" > \"${SCRIPT_OUTPUT_FILE_0}\"\n";
			showEnvVarsInLog = 0;
		};
		44F1E44A778477D6FD8B65A7 /* [CP] Embed Pods Frameworks */ = {
			isa = PBXShellScriptBuildPhase;
			buildActionMask = 2147483647;
			files = (
			);
			inputFileListPaths = (
				"${PODS_ROOT}/Target Support Files/Pods-CampusKey-CampusKeyUITests/Pods-CampusKey-CampusKeyUITests-frameworks-${CONFIGURATION}-input-files.xcfilelist",
			);
			name = "[CP] Embed Pods Frameworks";
			outputFileListPaths = (
				"${PODS_ROOT}/Target Support Files/Pods-CampusKey-CampusKeyUITests/Pods-CampusKey-CampusKeyUITests-frameworks-${CONFIGURATION}-output-files.xcfilelist",
			);
			runOnlyForDeploymentPostprocessing = 0;
			shellPath = /bin/sh;
			shellScript = "\"${PODS_ROOT}/Target Support Files/Pods-CampusKey-CampusKeyUITests/Pods-CampusKey-CampusKeyUITests-frameworks.sh\"\n";
			showEnvVarsInLog = 0;
		};
		7B3EDC1BD107B0F06BD6405E /* [CP] Check Pods Manifest.lock */ = {
			isa = PBXShellScriptBuildPhase;
			buildActionMask = 2147483647;
			files = (
			);
			inputFileListPaths = (
			);
			inputPaths = (
				"${PODS_PODFILE_DIR_PATH}/Podfile.lock",
				"${PODS_ROOT}/Manifest.lock",
			);
			name = "[CP] Check Pods Manifest.lock";
			outputFileListPaths = (
			);
			outputPaths = (
				"$(DERIVED_FILE_DIR)/Pods-CampusKeyTests-checkManifestLockResult.txt",
			);
			runOnlyForDeploymentPostprocessing = 0;
			shellPath = /bin/sh;
			shellScript = "diff \"${PODS_PODFILE_DIR_PATH}/Podfile.lock\" \"${PODS_ROOT}/Manifest.lock\" > /dev/null\nif [ $? != 0 ] ; then\n    # print error to STDERR\n    echo \"error: The sandbox is not in sync with the Podfile.lock. Run 'pod install' or update your CocoaPods installation.\" >&2\n    exit 1\nfi\n# This output is used by Xcode 'outputs' to avoid re-running this script phase.\necho \"SUCCESS\" > \"${SCRIPT_OUTPUT_FILE_0}\"\n";
			showEnvVarsInLog = 0;
		};
		A326370730E26774CF696987 /* [CP] Embed Pods Frameworks */ = {
			isa = PBXShellScriptBuildPhase;
			buildActionMask = 2147483647;
			files = (
			);
			inputFileListPaths = (
				"${PODS_ROOT}/Target Support Files/Pods-CampusKey/Pods-CampusKey-frameworks-${CONFIGURATION}-input-files.xcfilelist",
			);
			name = "[CP] Embed Pods Frameworks";
			outputFileListPaths = (
				"${PODS_ROOT}/Target Support Files/Pods-CampusKey/Pods-CampusKey-frameworks-${CONFIGURATION}-output-files.xcfilelist",
			);
			runOnlyForDeploymentPostprocessing = 0;
			shellPath = /bin/sh;
			shellScript = "\"${PODS_ROOT}/Target Support Files/Pods-CampusKey/Pods-CampusKey-frameworks.sh\"\n";
			showEnvVarsInLog = 0;
		};
		CE958A2ECCB8959CFAA2D274 /* [CP] Check Pods Manifest.lock */ = {
			isa = PBXShellScriptBuildPhase;
			buildActionMask = 2147483647;
			files = (
			);
			inputFileListPaths = (
			);
			inputPaths = (
				"${PODS_PODFILE_DIR_PATH}/Podfile.lock",
				"${PODS_ROOT}/Manifest.lock",
			);
			name = "[CP] Check Pods Manifest.lock";
			outputFileListPaths = (
			);
			outputPaths = (
				"$(DERIVED_FILE_DIR)/Pods-CampusKey-checkManifestLockResult.txt",
			);
			runOnlyForDeploymentPostprocessing = 0;
			shellPath = /bin/sh;
			shellScript = "diff \"${PODS_PODFILE_DIR_PATH}/Podfile.lock\" \"${PODS_ROOT}/Manifest.lock\" > /dev/null\nif [ $? != 0 ] ; then\n    # print error to STDERR\n    echo \"error: The sandbox is not in sync with the Podfile.lock. Run 'pod install' or update your CocoaPods installation.\" >&2\n    exit 1\nfi\n# This output is used by Xcode 'outputs' to avoid re-running this script phase.\necho \"SUCCESS\" > \"${SCRIPT_OUTPUT_FILE_0}\"\n";
			showEnvVarsInLog = 0;
		};
/* End PBXShellScriptBuildPhase section */

/* Begin PBXSourcesBuildPhase section */
		B94921E125416DAD0085D1E9 /* Sources */ = {
			isa = PBXSourcesBuildPhase;
			buildActionMask = 2147483647;
			files = (
				B91BFF0525CC7538006AD68E /* FAQS.swift in Sources */,
				5996A404255A3F9C00D0F157 /* People.swift in Sources */,
				B9956F2625580A7A00AE9562 /* ProfessorDetail.swift in Sources */,
				B9C1FD5425E21A2300B5F46A /* EventsCell.swift in Sources */,
				B963B2DC25CB5B0500E04609 /* FoodDetail.swift in Sources */,
				B9956F2B255812F700AE9562 /* ProfessorCell.swift in Sources */,
				B9A5BAF925E739E800A632BE /* AddEvent.swift in Sources */,
				B930EB7825DEEBC4006CE935 /* ProfessorReview.swift in Sources */,
				B9D31F0825E5A27A00866787 /* EventsDetail.swift in Sources */,
				B91742FF254AC6E2008A1715 /* RegThird.swift in Sources */,
				B94921ED25416DAD0085D1E9 /* ViewController.swift in Sources */,
				B94921E925416DAD0085D1E9 /* AppDelegate.swift in Sources */,
				B92B5E892572B26000DBAC5E /* RegPathPicker.swift in Sources */,
				B93EEDE02563D1D6001FBC06 /* FoodCell.swift in Sources */,
				B9678A4D2574EEA000FB107C /* LocationsControl.swift in Sources */,
				5996A3FC255A3C4E00D0F157 /* Members.swift in Sources */,
				B94921EB25416DAD0085D1E9 /* SceneDelegate.swift in Sources */,
				B91742FA254AC466008A1715 /* RegSecond.swift in Sources */,
				B9EAC606256527B70033D71B /* Home.swift in Sources */,
				B9EAC5FE2564B16A0033D71B /* FoodReview.swift in Sources */,
				B91776DB25D3D95E00D9660C /* EventsControl.swift in Sources */,
				B9956F1F2557FBA600AE9562 /* ProfessorList.swift in Sources */,
				B943D3CF2553C3A60054FE6D /* RegGuest.swift in Sources */,
				B93EEDCB2563C6BA001FBC06 /* FoodList.swift in Sources */,
				B97DBB162563F0860069E549 /* Profile.swift in Sources */,
				B91742F5254AC433008A1715 /* RegMain.swift in Sources */,
				B93EEDC62563C070001FBC06 /* Directory.swift in Sources */,
			);
			runOnlyForDeploymentPostprocessing = 0;
		};
		B94921F725416DB20085D1E9 /* Sources */ = {
			isa = PBXSourcesBuildPhase;
			buildActionMask = 2147483647;
			files = (
				B949220025416DB20085D1E9 /* CampusKeyTests.swift in Sources */,
			);
			runOnlyForDeploymentPostprocessing = 0;
		};
		B949220225416DB20085D1E9 /* Sources */ = {
			isa = PBXSourcesBuildPhase;
			buildActionMask = 2147483647;
			files = (
				B949220B25416DB30085D1E9 /* CampusKeyUITests.swift in Sources */,
			);
			runOnlyForDeploymentPostprocessing = 0;
		};
/* End PBXSourcesBuildPhase section */

/* Begin PBXTargetDependency section */
		B94921FD25416DB20085D1E9 /* PBXTargetDependency */ = {
			isa = PBXTargetDependency;
			target = B94921E425416DAD0085D1E9 /* CampusKey */;
			targetProxy = B94921FC25416DB20085D1E9 /* PBXContainerItemProxy */;
		};
		B949220825416DB20085D1E9 /* PBXTargetDependency */ = {
			isa = PBXTargetDependency;
			target = B94921E425416DAD0085D1E9 /* CampusKey */;
			targetProxy = B949220725416DB20085D1E9 /* PBXContainerItemProxy */;
		};
/* End PBXTargetDependency section */

/* Begin PBXVariantGroup section */
		B94921EE25416DAD0085D1E9 /* Main.storyboard */ = {
			isa = PBXVariantGroup;
			children = (
				B94921EF25416DAD0085D1E9 /* Base */,
			);
			name = Main.storyboard;
			sourceTree = "<group>";
		};
		B94921F325416DB20085D1E9 /* LaunchScreen.storyboard */ = {
			isa = PBXVariantGroup;
			children = (
				B94921F425416DB20085D1E9 /* Base */,
			);
			name = LaunchScreen.storyboard;
			sourceTree = "<group>";
		};
/* End PBXVariantGroup section */

/* Begin XCBuildConfiguration section */
		B949220D25416DB30085D1E9 /* Debug */ = {
			isa = XCBuildConfiguration;
			buildSettings = {
				ALWAYS_SEARCH_USER_PATHS = NO;
				CLANG_ANALYZER_NONNULL = YES;
				CLANG_ANALYZER_NUMBER_OBJECT_CONVERSION = YES_AGGRESSIVE;
				CLANG_CXX_LANGUAGE_STANDARD = "gnu++14";
				CLANG_CXX_LIBRARY = "libc++";
				CLANG_ENABLE_MODULES = YES;
				CLANG_ENABLE_OBJC_ARC = YES;
				CLANG_ENABLE_OBJC_WEAK = YES;
				CLANG_WARN_BLOCK_CAPTURE_AUTORELEASING = YES;
				CLANG_WARN_BOOL_CONVERSION = YES;
				CLANG_WARN_COMMA = YES;
				CLANG_WARN_CONSTANT_CONVERSION = YES;
				CLANG_WARN_DEPRECATED_OBJC_IMPLEMENTATIONS = YES;
				CLANG_WARN_DIRECT_OBJC_ISA_USAGE = YES_ERROR;
				CLANG_WARN_DOCUMENTATION_COMMENTS = YES;
				CLANG_WARN_EMPTY_BODY = YES;
				CLANG_WARN_ENUM_CONVERSION = YES;
				CLANG_WARN_INFINITE_RECURSION = YES;
				CLANG_WARN_INT_CONVERSION = YES;
				CLANG_WARN_NON_LITERAL_NULL_CONVERSION = YES;
				CLANG_WARN_OBJC_IMPLICIT_RETAIN_SELF = YES;
				CLANG_WARN_OBJC_LITERAL_CONVERSION = YES;
				CLANG_WARN_OBJC_ROOT_CLASS = YES_ERROR;
				CLANG_WARN_QUOTED_INCLUDE_IN_FRAMEWORK_HEADER = YES;
				CLANG_WARN_RANGE_LOOP_ANALYSIS = YES;
				CLANG_WARN_STRICT_PROTOTYPES = YES;
				CLANG_WARN_SUSPICIOUS_MOVE = YES;
				CLANG_WARN_UNGUARDED_AVAILABILITY = YES_AGGRESSIVE;
				CLANG_WARN_UNREACHABLE_CODE = YES;
				CLANG_WARN__DUPLICATE_METHOD_MATCH = YES;
				COPY_PHASE_STRIP = NO;
				DEBUG_INFORMATION_FORMAT = dwarf;
				ENABLE_STRICT_OBJC_MSGSEND = YES;
				ENABLE_TESTABILITY = YES;
				GCC_C_LANGUAGE_STANDARD = gnu11;
				GCC_DYNAMIC_NO_PIC = NO;
				GCC_NO_COMMON_BLOCKS = YES;
				GCC_OPTIMIZATION_LEVEL = 0;
				GCC_PREPROCESSOR_DEFINITIONS = (
					"DEBUG=1",
					"$(inherited)",
				);
				GCC_WARN_64_TO_32_BIT_CONVERSION = YES;
				GCC_WARN_ABOUT_RETURN_TYPE = YES_ERROR;
				GCC_WARN_UNDECLARED_SELECTOR = YES;
				GCC_WARN_UNINITIALIZED_AUTOS = YES_AGGRESSIVE;
				GCC_WARN_UNUSED_FUNCTION = YES;
				GCC_WARN_UNUSED_VARIABLE = YES;
				IPHONEOS_DEPLOYMENT_TARGET = 14.0;
				MTL_ENABLE_DEBUG_INFO = INCLUDE_SOURCE;
				MTL_FAST_MATH = YES;
				ONLY_ACTIVE_ARCH = YES;
				SDKROOT = iphoneos;
				SWIFT_ACTIVE_COMPILATION_CONDITIONS = DEBUG;
				SWIFT_OPTIMIZATION_LEVEL = "-Onone";
			};
			name = Debug;
		};
		B949220E25416DB30085D1E9 /* Release */ = {
			isa = XCBuildConfiguration;
			buildSettings = {
				ALWAYS_SEARCH_USER_PATHS = NO;
				CLANG_ANALYZER_NONNULL = YES;
				CLANG_ANALYZER_NUMBER_OBJECT_CONVERSION = YES_AGGRESSIVE;
				CLANG_CXX_LANGUAGE_STANDARD = "gnu++14";
				CLANG_CXX_LIBRARY = "libc++";
				CLANG_ENABLE_MODULES = YES;
				CLANG_ENABLE_OBJC_ARC = YES;
				CLANG_ENABLE_OBJC_WEAK = YES;
				CLANG_WARN_BLOCK_CAPTURE_AUTORELEASING = YES;
				CLANG_WARN_BOOL_CONVERSION = YES;
				CLANG_WARN_COMMA = YES;
				CLANG_WARN_CONSTANT_CONVERSION = YES;
				CLANG_WARN_DEPRECATED_OBJC_IMPLEMENTATIONS = YES;
				CLANG_WARN_DIRECT_OBJC_ISA_USAGE = YES_ERROR;
				CLANG_WARN_DOCUMENTATION_COMMENTS = YES;
				CLANG_WARN_EMPTY_BODY = YES;
				CLANG_WARN_ENUM_CONVERSION = YES;
				CLANG_WARN_INFINITE_RECURSION = YES;
				CLANG_WARN_INT_CONVERSION = YES;
				CLANG_WARN_NON_LITERAL_NULL_CONVERSION = YES;
				CLANG_WARN_OBJC_IMPLICIT_RETAIN_SELF = YES;
				CLANG_WARN_OBJC_LITERAL_CONVERSION = YES;
				CLANG_WARN_OBJC_ROOT_CLASS = YES_ERROR;
				CLANG_WARN_QUOTED_INCLUDE_IN_FRAMEWORK_HEADER = YES;
				CLANG_WARN_RANGE_LOOP_ANALYSIS = YES;
				CLANG_WARN_STRICT_PROTOTYPES = YES;
				CLANG_WARN_SUSPICIOUS_MOVE = YES;
				CLANG_WARN_UNGUARDED_AVAILABILITY = YES_AGGRESSIVE;
				CLANG_WARN_UNREACHABLE_CODE = YES;
				CLANG_WARN__DUPLICATE_METHOD_MATCH = YES;
				COPY_PHASE_STRIP = NO;
				DEBUG_INFORMATION_FORMAT = "dwarf-with-dsym";
				ENABLE_NS_ASSERTIONS = NO;
				ENABLE_STRICT_OBJC_MSGSEND = YES;
				GCC_C_LANGUAGE_STANDARD = gnu11;
				GCC_NO_COMMON_BLOCKS = YES;
				GCC_WARN_64_TO_32_BIT_CONVERSION = YES;
				GCC_WARN_ABOUT_RETURN_TYPE = YES_ERROR;
				GCC_WARN_UNDECLARED_SELECTOR = YES;
				GCC_WARN_UNINITIALIZED_AUTOS = YES_AGGRESSIVE;
				GCC_WARN_UNUSED_FUNCTION = YES;
				GCC_WARN_UNUSED_VARIABLE = YES;
				IPHONEOS_DEPLOYMENT_TARGET = 14.0;
				MTL_ENABLE_DEBUG_INFO = NO;
				MTL_FAST_MATH = YES;
				SDKROOT = iphoneos;
				SWIFT_COMPILATION_MODE = wholemodule;
				SWIFT_OPTIMIZATION_LEVEL = "-O";
				VALIDATE_PRODUCT = YES;
			};
			name = Release;
		};
		B949221025416DB30085D1E9 /* Debug */ = {
			isa = XCBuildConfiguration;
			baseConfigurationReference = 791C11E665C5A33DC5359D55 /* Pods-CampusKey.debug.xcconfig */;
			buildSettings = {
				ASSETCATALOG_COMPILER_APPICON_NAME = AppIcon;
				ASSETCATALOG_COMPILER_GLOBAL_ACCENT_COLOR_NAME = AccentColor;
				CODE_SIGN_STYLE = Automatic;
				DEVELOPMENT_TEAM = A4M6TC68B6;
				"EXCLUDED_ARCHS[sdk=*]" = arm64;
				INFOPLIST_FILE = CampusKey/Info.plist;
				LD_RUNPATH_SEARCH_PATHS = (
					"$(inherited)",
					"@executable_path/Frameworks",
				);
				PRODUCT_BUNDLE_IDENTIFIER = Comp490.CampusKey;
				PRODUCT_NAME = "$(TARGET_NAME)";
				SWIFT_VERSION = 5.0;
				TARGETED_DEVICE_FAMILY = "1,2";
			};
			name = Debug;
		};
		B949221125416DB30085D1E9 /* Release */ = {
			isa = XCBuildConfiguration;
			baseConfigurationReference = 58224CB1702BA8663C54FF62 /* Pods-CampusKey.release.xcconfig */;
			buildSettings = {
				ASSETCATALOG_COMPILER_APPICON_NAME = AppIcon;
				ASSETCATALOG_COMPILER_GLOBAL_ACCENT_COLOR_NAME = AccentColor;
				CODE_SIGN_STYLE = Automatic;
				DEVELOPMENT_TEAM = A4M6TC68B6;
				"EXCLUDED_ARCHS[sdk=*]" = arm64;
				INFOPLIST_FILE = CampusKey/Info.plist;
				LD_RUNPATH_SEARCH_PATHS = (
					"$(inherited)",
					"@executable_path/Frameworks",
				);
				PRODUCT_BUNDLE_IDENTIFIER = Comp490.CampusKey;
				PRODUCT_NAME = "$(TARGET_NAME)";
				SWIFT_VERSION = 5.0;
				TARGETED_DEVICE_FAMILY = "1,2";
			};
			name = Release;
		};
		B949221325416DB30085D1E9 /* Debug */ = {
			isa = XCBuildConfiguration;
			baseConfigurationReference = FC6A6451C833BBF2679ADE43 /* Pods-CampusKeyTests.debug.xcconfig */;
			buildSettings = {
				ALWAYS_EMBED_SWIFT_STANDARD_LIBRARIES = YES;
				BUNDLE_LOADER = "$(TEST_HOST)";
				CODE_SIGN_STYLE = Automatic;
				INFOPLIST_FILE = CampusKeyTests/Info.plist;
				IPHONEOS_DEPLOYMENT_TARGET = 14.0;
				LD_RUNPATH_SEARCH_PATHS = (
					"$(inherited)",
					"@executable_path/Frameworks",
					"@loader_path/Frameworks",
				);
				PRODUCT_BUNDLE_IDENTIFIER = Comp490.CampusKeyTests;
				PRODUCT_NAME = "$(TARGET_NAME)";
				SWIFT_VERSION = 5.0;
				TARGETED_DEVICE_FAMILY = "1,2";
				TEST_HOST = "$(BUILT_PRODUCTS_DIR)/CampusKey.app/CampusKey";
			};
			name = Debug;
		};
		B949221425416DB30085D1E9 /* Release */ = {
			isa = XCBuildConfiguration;
			baseConfigurationReference = 369A5F2123A294E6CCFB0796 /* Pods-CampusKeyTests.release.xcconfig */;
			buildSettings = {
				ALWAYS_EMBED_SWIFT_STANDARD_LIBRARIES = YES;
				BUNDLE_LOADER = "$(TEST_HOST)";
				CODE_SIGN_STYLE = Automatic;
				INFOPLIST_FILE = CampusKeyTests/Info.plist;
				IPHONEOS_DEPLOYMENT_TARGET = 14.0;
				LD_RUNPATH_SEARCH_PATHS = (
					"$(inherited)",
					"@executable_path/Frameworks",
					"@loader_path/Frameworks",
				);
				PRODUCT_BUNDLE_IDENTIFIER = Comp490.CampusKeyTests;
				PRODUCT_NAME = "$(TARGET_NAME)";
				SWIFT_VERSION = 5.0;
				TARGETED_DEVICE_FAMILY = "1,2";
				TEST_HOST = "$(BUILT_PRODUCTS_DIR)/CampusKey.app/CampusKey";
			};
			name = Release;
		};
		B949221625416DB30085D1E9 /* Debug */ = {
			isa = XCBuildConfiguration;
			baseConfigurationReference = 86588D540AFCF0D0DE601AFC /* Pods-CampusKey-CampusKeyUITests.debug.xcconfig */;
			buildSettings = {
				ALWAYS_EMBED_SWIFT_STANDARD_LIBRARIES = YES;
				CODE_SIGN_STYLE = Automatic;
				INFOPLIST_FILE = CampusKeyUITests/Info.plist;
				LD_RUNPATH_SEARCH_PATHS = (
					"$(inherited)",
					"@executable_path/Frameworks",
					"@loader_path/Frameworks",
				);
				PRODUCT_BUNDLE_IDENTIFIER = Comp490.CampusKeyUITests;
				PRODUCT_NAME = "$(TARGET_NAME)";
				SWIFT_VERSION = 5.0;
				TARGETED_DEVICE_FAMILY = "1,2";
				TEST_TARGET_NAME = CampusKey;
			};
			name = Debug;
		};
		B949221725416DB30085D1E9 /* Release */ = {
			isa = XCBuildConfiguration;
			baseConfigurationReference = 7492E652F3D8293C996793A1 /* Pods-CampusKey-CampusKeyUITests.release.xcconfig */;
			buildSettings = {
				ALWAYS_EMBED_SWIFT_STANDARD_LIBRARIES = YES;
				CODE_SIGN_STYLE = Automatic;
				INFOPLIST_FILE = CampusKeyUITests/Info.plist;
				LD_RUNPATH_SEARCH_PATHS = (
					"$(inherited)",
					"@executable_path/Frameworks",
					"@loader_path/Frameworks",
				);
				PRODUCT_BUNDLE_IDENTIFIER = Comp490.CampusKeyUITests;
				PRODUCT_NAME = "$(TARGET_NAME)";
				SWIFT_VERSION = 5.0;
				TARGETED_DEVICE_FAMILY = "1,2";
				TEST_TARGET_NAME = CampusKey;
			};
			name = Release;
		};
/* End XCBuildConfiguration section */

/* Begin XCConfigurationList section */
		B94921E025416DAD0085D1E9 /* Build configuration list for PBXProject "CampusKey" */ = {
			isa = XCConfigurationList;
			buildConfigurations = (
				B949220D25416DB30085D1E9 /* Debug */,
				B949220E25416DB30085D1E9 /* Release */,
			);
			defaultConfigurationIsVisible = 0;
			defaultConfigurationName = Release;
		};
		B949220F25416DB30085D1E9 /* Build configuration list for PBXNativeTarget "CampusKey" */ = {
			isa = XCConfigurationList;
			buildConfigurations = (
				B949221025416DB30085D1E9 /* Debug */,
				B949221125416DB30085D1E9 /* Release */,
			);
			defaultConfigurationIsVisible = 0;
			defaultConfigurationName = Release;
		};
		B949221225416DB30085D1E9 /* Build configuration list for PBXNativeTarget "CampusKeyTests" */ = {
			isa = XCConfigurationList;
			buildConfigurations = (
				B949221325416DB30085D1E9 /* Debug */,
				B949221425416DB30085D1E9 /* Release */,
			);
			defaultConfigurationIsVisible = 0;
			defaultConfigurationName = Release;
		};
		B949221525416DB30085D1E9 /* Build configuration list for PBXNativeTarget "CampusKeyUITests" */ = {
			isa = XCConfigurationList;
			buildConfigurations = (
				B949221625416DB30085D1E9 /* Debug */,
				B949221725416DB30085D1E9 /* Release */,
			);
			defaultConfigurationIsVisible = 0;
			defaultConfigurationName = Release;
		};
/* End XCConfigurationList section */
	};
	rootObject = B94921DD25416DAD0085D1E9 /* Project object */;
}
